// !$*UTF8*$!
{
	archiveVersion = 1;
	classes = {
	};
	objectVersion = 77;
	objects = {

/* Begin PBXContainerItemProxy section */
		7CCBDEC92D79953900C96A39 /* PBXContainerItemProxy */ = {
			isa = PBXContainerItemProxy;
			containerPortal = 7CCBDEA72D79953700C96A39 /* Project object */;
			proxyType = 1;
			remoteGlobalIDString = 7CCBDEAE2D79953700C96A39;
			remoteInfo = GoalAssist;
		};
		7CCBDED32D79953900C96A39 /* PBXContainerItemProxy */ = {
			isa = PBXContainerItemProxy;
			containerPortal = 7CCBDEA72D79953700C96A39 /* Project object */;
			proxyType = 1;
			remoteGlobalIDString = 7CCBDEAE2D79953700C96A39;
			remoteInfo = GoalAssist;
		};
/* End PBXContainerItemProxy section */

/* Begin PBXFileReference section */
		7CCBDEAF2D79953700C96A39 /* GoalAssist.app */ = {isa = PBXFileReference; explicitFileType = wrapper.application; includeInIndex = 0; path = GoalAssist.app; sourceTree = BUILT_PRODUCTS_DIR; };
		7CCBDEC82D79953900C96A39 /* GoalAssistTests.xctest */ = {isa = PBXFileReference; explicitFileType = wrapper.cfbundle; includeInIndex = 0; path = GoalAssistTests.xctest; sourceTree = BUILT_PRODUCTS_DIR; };
		7CCBDED22D79953900C96A39 /* GoalAssistUITests.xctest */ = {isa = PBXFileReference; explicitFileType = wrapper.cfbundle; includeInIndex = 0; path = GoalAssistUITests.xctest; sourceTree = BUILT_PRODUCTS_DIR; };
/* End PBXFileReference section */

/* Begin PBXFileSystemSynchronizedBuildFileExceptionSet section */
		7CCBDEDA2D79953900C96A39 /* Exceptions for "GoalAssist" folder in "GoalAssist" target */ = {
			isa = PBXFileSystemSynchronizedBuildFileExceptionSet;
			membershipExceptions = (
				Info.plist,
			);
			target = 7CCBDEAE2D79953700C96A39 /* GoalAssist */;
		};
/* End PBXFileSystemSynchronizedBuildFileExceptionSet section */

/* Begin PBXFileSystemSynchronizedRootGroup section */
		7CCBDEB12D79953700C96A39 /* GoalAssist */ = {
			isa = PBXFileSystemSynchronizedRootGroup;
			exceptions = (
				7CCBDEDA2D79953900C96A39 /* Exceptions for "GoalAssist" folder in "GoalAssist" target */,
			);
			path = GoalAssist;
			sourceTree = "<group>";
		};
		7CCBDECB2D79953900C96A39 /* GoalAssistTests */ = {
			isa = PBXFileSystemSynchronizedRootGroup;
			path = GoalAssistTests;
			sourceTree = "<group>";
		};
		7CCBDED52D79953900C96A39 /* GoalAssistUITests */ = {
			isa = PBXFileSystemSynchronizedRootGroup;
			path = GoalAssistUITests;
			sourceTree = "<group>";
		};
/* End PBXFileSystemSynchronizedRootGroup section */

/* Begin PBXFrameworksBuildPhase section */
		7CCBDEAC2D79953700C96A39 /* Frameworks */ = {
			isa = PBXFrameworksBuildPhase;
			buildActionMask = 2147483647;
			files = (
			);
			runOnlyForDeploymentPostprocessing = 0;
		};
		7CCBDEC52D79953900C96A39 /* Frameworks */ = {
			isa = PBXFrameworksBuildPhase;
			buildActionMask = 2147483647;
			files = (
			);
			runOnlyForDeploymentPostprocessing = 0;
		};
		7CCBDECF2D79953900C96A39 /* Frameworks */ = {
			isa = PBXFrameworksBuildPhase;
			buildActionMask = 2147483647;
			files = (
			);
			runOnlyForDeploymentPostprocessing = 0;
		};
/* End PBXFrameworksBuildPhase section */

/* Begin PBXGroup section */
		7CCBDEA62D79953700C96A39 = {
			isa = PBXGroup;
			children = (
				7CCBDEB12D79953700C96A39 /* GoalAssist */,
				7CCBDECB2D79953900C96A39 /* GoalAssistTests */,
				7CCBDED52D79953900C96A39 /* GoalAssistUITests */,
				7CCBDEB02D79953700C96A39 /* Products */,
			);
			sourceTree = "<group>";
		};
		7CCBDEB02D79953700C96A39 /* Products */ = {
			isa = PBXGroup;
			children = (
				7CCBDEAF2D79953700C96A39 /* GoalAssist.app */,
				7CCBDEC82D79953900C96A39 /* GoalAssistTests.xctest */,
				7CCBDED22D79953900C96A39 /* GoalAssistUITests.xctest */,
			);
			name = Products;
			sourceTree = "<group>";
		};
/* End PBXGroup section */

/* Begin PBXNativeTarget section */
		7CCBDEAE2D79953700C96A39 /* GoalAssist */ = {
			isa = PBXNativeTarget;
			buildConfigurationList = 7CCBDEDB2D79953900C96A39 /* Build configuration list for PBXNativeTarget "GoalAssist" */;
			buildPhases = (
				7CCBDEAB2D79953700C96A39 /* Sources */,
				7CCBDEAC2D79953700C96A39 /* Frameworks */,
				7CCBDEAD2D79953700C96A39 /* Resources */,
			);
			buildRules = (
			);
			dependencies = (
			);
			fileSystemSynchronizedGroups = (
				7CCBDEB12D79953700C96A39 /* GoalAssist */,
			);
			name = GoalAssist;
			packageProductDependencies = (
			);
			productName = GoalAssist;
			productReference = 7CCBDEAF2D79953700C96A39 /* GoalAssist.app */;
			productType = "com.apple.product-type.application";
		};
		7CCBDEC72D79953900C96A39 /* GoalAssistTests */ = {
			isa = PBXNativeTarget;
			buildConfigurationList = 7CCBDEE02D79953900C96A39 /* Build configuration list for PBXNativeTarget "GoalAssistTests" */;
			buildPhases = (
				7CCBDEC42D79953900C96A39 /* Sources */,
				7CCBDEC52D79953900C96A39 /* Frameworks */,
				7CCBDEC62D79953900C96A39 /* Resources */,
			);
			buildRules = (
			);
			dependencies = (
				7CCBDECA2D79953900C96A39 /* PBXTargetDependency */,
			);
			fileSystemSynchronizedGroups = (
				7CCBDECB2D79953900C96A39 /* GoalAssistTests */,
			);
			name = GoalAssistTests;
			packageProductDependencies = (
			);
			productName = GoalAssistTests;
			productReference = 7CCBDEC82D79953900C96A39 /* GoalAssistTests.xctest */;
			productType = "com.apple.product-type.bundle.unit-test";
		};
		7CCBDED12D79953900C96A39 /* GoalAssistUITests */ = {
			isa = PBXNativeTarget;
			buildConfigurationList = 7CCBDEE32D79953900C96A39 /* Build configuration list for PBXNativeTarget "GoalAssistUITests" */;
			buildPhases = (
				7CCBDECE2D79953900C96A39 /* Sources */,
				7CCBDECF2D79953900C96A39 /* Frameworks */,
				7CCBDED02D79953900C96A39 /* Resources */,
			);
			buildRules = (
			);
			dependencies = (
				7CCBDED42D79953900C96A39 /* PBXTargetDependency */,
			);
			fileSystemSynchronizedGroups = (
				7CCBDED52D79953900C96A39 /* GoalAssistUITests */,
			);
			name = GoalAssistUITests;
			packageProductDependencies = (
			);
			productName = GoalAssistUITests;
			productReference = 7CCBDED22D79953900C96A39 /* GoalAssistUITests.xctest */;
			productType = "com.apple.product-type.bundle.ui-testing";
		};
/* End PBXNativeTarget section */

/* Begin PBXProject section */
		7CCBDEA72D79953700C96A39 /* Project object */ = {
			isa = PBXProject;
			attributes = {
				BuildIndependentTargetsInParallel = 1;
				LastSwiftUpdateCheck = 1620;
				LastUpgradeCheck = 1620;
				TargetAttributes = {
					7CCBDEAE2D79953700C96A39 = {
						CreatedOnToolsVersion = 16.2;
					};
					7CCBDEC72D79953900C96A39 = {
						CreatedOnToolsVersion = 16.2;
						TestTargetID = 7CCBDEAE2D79953700C96A39;
					};
					7CCBDED12D79953900C96A39 = {
						CreatedOnToolsVersion = 16.2;
						TestTargetID = 7CCBDEAE2D79953700C96A39;
					};
				};
			};
			buildConfigurationList = 7CCBDEAA2D79953700C96A39 /* Build configuration list for PBXProject "GoalAssist" */;
			developmentRegion = en;
			hasScannedForEncodings = 0;
			knownRegions = (
				en,
				Base,
			);
			mainGroup = 7CCBDEA62D79953700C96A39;
			minimizedProjectReferenceProxies = 1;
			preferredProjectObjectVersion = 77;
			productRefGroup = 7CCBDEB02D79953700C96A39 /* Products */;
			projectDirPath = "";
			projectRoot = "";
			targets = (
				7CCBDEAE2D79953700C96A39 /* GoalAssist */,
				7CCBDEC72D79953900C96A39 /* GoalAssistTests */,
				7CCBDED12D79953900C96A39 /* GoalAssistUITests */,
			);
		};
/* End PBXProject section */

/* Begin PBXResourcesBuildPhase section */
		7CCBDEAD2D79953700C96A39 /* Resources */ = {
			isa = PBXResourcesBuildPhase;
			buildActionMask = 2147483647;
			files = (
			);
			runOnlyForDeploymentPostprocessing = 0;
		};
		7CCBDEC62D79953900C96A39 /* Resources */ = {
			isa = PBXResourcesBuildPhase;
			buildActionMask = 2147483647;
			files = (
			);
			runOnlyForDeploymentPostprocessing = 0;
		};
		7CCBDED02D79953900C96A39 /* Resources */ = {
			isa = PBXResourcesBuildPhase;
			buildActionMask = 2147483647;
			files = (
			);
			runOnlyForDeploymentPostprocessing = 0;
		};
/* End PBXResourcesBuildPhase section */

/* Begin PBXSourcesBuildPhase section */
		7CCBDEAB2D79953700C96A39 /* Sources */ = {
			isa = PBXSourcesBuildPhase;
			buildActionMask = 2147483647;
			files = (
			);
			runOnlyForDeploymentPostprocessing = 0;
		};
		7CCBDEC42D79953900C96A39 /* Sources */ = {
			isa = PBXSourcesBuildPhase;
			buildActionMask = 2147483647;
			files = (
			);
			runOnlyForDeploymentPostprocessing = 0;
		};
		7CCBDECE2D79953900C96A39 /* Sources */ = {
			isa = PBXSourcesBuildPhase;
			buildActionMask = 2147483647;
			files = (
			);
			runOnlyForDeploymentPostprocessing = 0;
		};
/* End PBXSourcesBuildPhase section */

/* Begin PBXTargetDependency section */
		7CCBDECA2D79953900C96A39 /* PBXTargetDependency */ = {
			isa = PBXTargetDependency;
			target = 7CCBDEAE2D79953700C96A39 /* GoalAssist */;
			targetProxy = 7CCBDEC92D79953900C96A39 /* PBXContainerItemProxy */;
		};
		7CCBDED42D79953900C96A39 /* PBXTargetDependency */ = {
			isa = PBXTargetDependency;
			target = 7CCBDEAE2D79953700C96A39 /* GoalAssist */;
			targetProxy = 7CCBDED32D79953900C96A39 /* PBXContainerItemProxy */;
		};
/* End PBXTargetDependency section */

/* Begin XCBuildConfiguration section */
		7CCBDEDC2D79953900C96A39 /* Debug */ = {
			isa = XCBuildConfiguration;
			buildSettings = {
				ASSETCATALOG_COMPILER_APPICON_NAME = AppIcon;
				ASSETCATALOG_COMPILER_GLOBAL_ACCENT_COLOR_NAME = AccentColor;
				CODE_SIGN_STYLE = Automatic;
				CURRENT_PROJECT_VERSION = 1;
				DEVELOPMENT_TEAM = 344B87D3CV;
				GENERATE_INFOPLIST_FILE = YES;
				INFOPLIST_FILE = GoalAssist/Info.plist;
				INFOPLIST_KEY_CFBundleDisplayName = "Goal Assist";
				INFOPLIST_KEY_LSApplicationCategoryType = "public.app-category.lifestyle";
				INFOPLIST_KEY_UIApplicationSupportsIndirectInputEvents = YES;
				INFOPLIST_KEY_UILaunchStoryboardName = LaunchScreen;
				INFOPLIST_KEY_UIMainStoryboardFile = Main;
				INFOPLIST_KEY_UISupportedInterfaceOrientations_iPad = "UIInterfaceOrientationPortrait UIInterfaceOrientationPortraitUpsideDown UIInterfaceOrientationLandscapeLeft UIInterfaceOrientationLandscapeRight";
				INFOPLIST_KEY_UISupportedInterfaceOrientations_iPhone = "UIInterfaceOrientationPortrait UIInterfaceOrientationLandscapeLeft UIInterfaceOrientationLandscapeRight";
				IPHONEOS_DEPLOYMENT_TARGET = 18.0;
				LD_RUNPATH_SEARCH_PATHS = (
					"$(inherited)",
					"@executable_path/Frameworks",
				);
				MARKETING_VERSION = 1.0;
				PRODUCT_BUNDLE_IDENTIFIER = com.yerragroup.GoalAssist;
				PRODUCT_NAME = "$(TARGET_NAME)";
				SWIFT_EMIT_LOC_STRINGS = YES;
				SWIFT_VERSION = 5.0;
				TARGETED_DEVICE_FAMILY = "1,2";
			};
			name = Debug;
		};
		7CCBDEDD2D79953900C96A39 /* Release */ = {
			isa = XCBuildConfiguration;
			buildSettings = {
				ASSETCATALOG_COMPILER_APPICON_NAME = AppIcon;
				ASSETCATALOG_COMPILER_GLOBAL_ACCENT_COLOR_NAME = AccentColor;
				CODE_SIGN_STYLE = Automatic;
				CURRENT_PROJECT_VERSION = 1;
				DEVELOPMENT_TEAM = 344B87D3CV;
				GENERATE_INFOPLIST_FILE = YES;
				INFOPLIST_FILE = GoalAssist/Info.plist;
				INFOPLIST_KEY_CFBundleDisplayName = "Goal Assist";
				INFOPLIST_KEY_LSApplicationCategoryType = "public.app-category.lifestyle";
				INFOPLIST_KEY_UIApplicationSupportsIndirectInputEvents = YES;
				INFOPLIST_KEY_UILaunchStoryboardName = LaunchScreen;
				INFOPLIST_KEY_UIMainStoryboardFile = Main;
				INFOPLIST_KEY_UISupportedInterfaceOrientations_iPad = "UIInterfaceOrientationPortrait UIInterfaceOrientationPortraitUpsideDown UIInterfaceOrientationLandscapeLeft UIInterfaceOrientationLandscapeRight";
				INFOPLIST_KEY_UISupportedInterfaceOrientations_iPhone = "UIInterfaceOrientationPortrait UIInterfaceOrientationLandscapeLeft UIInterfaceOrientationLandscapeRight";
				IPHONEOS_DEPLOYMENT_TARGET = 18.0;
				LD_RUNPATH_SEARCH_PATHS = (
					"$(inherited)",
					"@executable_path/Frameworks",
				);
				MARKETING_VERSION = 1.0;
				PRODUCT_BUNDLE_IDENTIFIER = com.yerragroup.GoalAssist;
				PRODUCT_NAME = "$(TARGET_NAME)";
				SWIFT_EMIT_LOC_STRINGS = YES;
				SWIFT_VERSION = 5.0;
				TARGETED_DEVICE_FAMILY = "1,2";
			};
			name = Release;
		};
		7CCBDEDE2D79953900C96A39 /* Debug */ = {
			isa = XCBuildConfiguration;
			buildSettings = {
				ALWAYS_SEARCH_USER_PATHS = NO;
				ASSETCATALOG_COMPILER_GENERATE_SWIFT_ASSET_SYMBOL_EXTENSIONS = YES;
				CLANG_ANALYZER_NONNULL = YES;
				CLANG_ANALYZER_NUMBER_OBJECT_CONVERSION = YES_AGGRESSIVE;
				CLANG_CXX_LANGUAGE_STANDARD = "gnu++20";
				CLANG_ENABLE_MODULES = YES;
				CLANG_ENABLE_OBJC_ARC = YES;
				CLANG_ENABLE_OBJC_WEAK = YES;
				CLANG_WARN_BLOCK_CAPTURE_AUTORELEASING = YES;
				CLANG_WARN_BOOL_CONVERSION = YES;
				CLANG_WARN_COMMA = YES;
				CLANG_WARN_CONSTANT_CONVERSION = YES;
				CLANG_WARN_DEPRECATED_OBJC_IMPLEMENTATIONS = YES;
				CLANG_WARN_DIRECT_OBJC_ISA_USAGE = YES_ERROR;
				CLANG_WARN_DOCUMENTATION_COMMENTS = YES;
				CLANG_WARN_EMPTY_BODY = YES;
				CLANG_WARN_ENUM_CONVERSION = YES;
				CLANG_WARN_INFINITE_RECURSION = YES;
				CLANG_WARN_INT_CONVERSION = YES;
				CLANG_WARN_NON_LITERAL_NULL_CONVERSION = YES;
				CLANG_WARN_OBJC_IMPLICIT_RETAIN_SELF = YES;
				CLANG_WARN_OBJC_LITERAL_CONVERSION = YES;
				CLANG_WARN_OBJC_ROOT_CLASS = YES_ERROR;
				CLANG_WARN_QUOTED_INCLUDE_IN_FRAMEWORK_HEADER = YES;
				CLANG_WARN_RANGE_LOOP_ANALYSIS = YES;
				CLANG_WARN_STRICT_PROTOTYPES = YES;
				CLANG_WARN_SUSPICIOUS_MOVE = YES;
				CLANG_WARN_UNGUARDED_AVAILABILITY = YES_AGGRESSIVE;
				CLANG_WARN_UNREACHABLE_CODE = YES;
				CLANG_WARN__DUPLICATE_METHOD_MATCH = YES;
				COPY_PHASE_STRIP = NO;
				DEBUG_INFORMATION_FORMAT = dwarf;
				ENABLE_STRICT_OBJC_MSGSEND = YES;
				ENABLE_TESTABILITY = YES;
				ENABLE_USER_SCRIPT_SANDBOXING = YES;
				GCC_C_LANGUAGE_STANDARD = gnu17;
				GCC_DYNAMIC_NO_PIC = NO;
				GCC_NO_COMMON_BLOCKS = YES;
				GCC_OPTIMIZATION_LEVEL = 0;
				GCC_PREPROCESSOR_DEFINITIONS = (
					"DEBUG=1",
					"$(inherited)",
				);
				GCC_WARN_64_TO_32_BIT_CONVERSION = YES;
				GCC_WARN_ABOUT_RETURN_TYPE = YES_ERROR;
				GCC_WARN_UNDECLARED_SELECTOR = YES;
				GCC_WARN_UNINITIALIZED_AUTOS = YES_AGGRESSIVE;
				GCC_WARN_UNUSED_FUNCTION = YES;
				GCC_WARN_UNUSED_VARIABLE = YES;
				IPHONEOS_DEPLOYMENT_TARGET = 18.2;
				LOCALIZATION_PREFERS_STRING_CATALOGS = YES;
				MTL_ENABLE_DEBUG_INFO = INCLUDE_SOURCE;
				MTL_FAST_MATH = YES;
				ONLY_ACTIVE_ARCH = YES;
				SDKROOT = iphoneos;
				SWIFT_ACTIVE_COMPILATION_CONDITIONS = "DEBUG $(inherited)";
				SWIFT_OPTIMIZATION_LEVEL = "-Onone";
			};
			name = Debug;
		};
		7CCBDEDF2D79953900C96A39 /* Release */ = {
			isa = XCBuildConfiguration;
			buildSettings = {
				ALWAYS_SEARCH_USER_PATHS = NO;
				ASSETCATALOG_COMPILER_GENERATE_SWIFT_ASSET_SYMBOL_EXTENSIONS = YES;
				CLANG_ANALYZER_NONNULL = YES;
				CLANG_ANALYZER_NUMBER_OBJECT_CONVERSION = YES_AGGRESSIVE;
				CLANG_CXX_LANGUAGE_STANDARD = "gnu++20";
				CLANG_ENABLE_MODULES = YES;
				CLANG_ENABLE_OBJC_ARC = YES;
				CLANG_ENABLE_OBJC_WEAK = YES;
				CLANG_WARN_BLOCK_CAPTURE_AUTORELEASING = YES;
				CLANG_WARN_BOOL_CONVERSION = YES;
				CLANG_WARN_COMMA = YES;
				CLANG_WARN_CONSTANT_CONVERSION = YES;
				CLANG_WARN_DEPRECATED_OBJC_IMPLEMENTATIONS = YES;
				CLANG_WARN_DIRECT_OBJC_ISA_USAGE = YES_ERROR;
				CLANG_WARN_DOCUMENTATION_COMMENTS = YES;
				CLANG_WARN_EMPTY_BODY = YES;
				CLANG_WARN_ENUM_CONVERSION = YES;
				CLANG_WARN_INFINITE_RECURSION = YES;
				CLANG_WARN_INT_CONVERSION = YES;
				CLANG_WARN_NON_LITERAL_NULL_CONVERSION = YES;
				CLANG_WARN_OBJC_IMPLICIT_RETAIN_SELF = YES;
				CLANG_WARN_OBJC_LITERAL_CONVERSION = YES;
				CLANG_WARN_OBJC_ROOT_CLASS = YES_ERROR;
				CLANG_WARN_QUOTED_INCLUDE_IN_FRAMEWORK_HEADER = YES;
				CLANG_WARN_RANGE_LOOP_ANALYSIS = YES;
				CLANG_WARN_STRICT_PROTOTYPES = YES;
				CLANG_WARN_SUSPICIOUS_MOVE = YES;
				CLANG_WARN_UNGUARDED_AVAILABILITY = YES_AGGRESSIVE;
				CLANG_WARN_UNREACHABLE_CODE = YES;
				CLANG_WARN__DUPLICATE_METHOD_MATCH = YES;
				COPY_PHASE_STRIP = NO;
				DEBUG_INFORMATION_FORMAT = "dwarf-with-dsym";
				ENABLE_NS_ASSERTIONS = NO;
				ENABLE_STRICT_OBJC_MSGSEND = YES;
				ENABLE_USER_SCRIPT_SANDBOXING = YES;
				GCC_C_LANGUAGE_STANDARD = gnu17;
				GCC_NO_COMMON_BLOCKS = YES;
				GCC_WARN_64_TO_32_BIT_CONVERSION = YES;
				GCC_WARN_ABOUT_RETURN_TYPE = YES_ERROR;
				GCC_WARN_UNDECLARED_SELECTOR = YES;
				GCC_WARN_UNINITIALIZED_AUTOS = YES_AGGRESSIVE;
				GCC_WARN_UNUSED_FUNCTION = YES;
				GCC_WARN_UNUSED_VARIABLE = YES;
				IPHONEOS_DEPLOYMENT_TARGET = 18.2;
				LOCALIZATION_PREFERS_STRING_CATALOGS = YES;
				MTL_ENABLE_DEBUG_INFO = NO;
				MTL_FAST_MATH = YES;
				SDKROOT = iphoneos;
				SWIFT_COMPILATION_MODE = wholemodule;
				VALIDATE_PRODUCT = YES;
			};
			name = Release;
		};
		7CCBDEE12D79953900C96A39 /* Debug */ = {
			isa = XCBuildConfiguration;
			buildSettings = {
				BUNDLE_LOADER = "$(TEST_HOST)";
				CODE_SIGN_STYLE = Automatic;
				CURRENT_PROJECT_VERSION = 1;
				DEVELOPMENT_TEAM = 344B87D3CV;
				GENERATE_INFOPLIST_FILE = YES;
				IPHONEOS_DEPLOYMENT_TARGET = 18.2;
				MARKETING_VERSION = 1.0;
				PRODUCT_BUNDLE_IDENTIFIER = com.yerragroup.GoalAssistTests;
				PRODUCT_NAME = "$(TARGET_NAME)";
				SWIFT_EMIT_LOC_STRINGS = NO;
				SWIFT_VERSION = 5.0;
				TARGETED_DEVICE_FAMILY = "1,2";
				TEST_HOST = "$(BUILT_PRODUCTS_DIR)/GoalAssist.app/$(BUNDLE_EXECUTABLE_FOLDER_PATH)/GoalAssist";
			};
			name = Debug;
		};
		7CCBDEE22D79953900C96A39 /* Release */ = {
			isa = XCBuildConfiguration;
			buildSettings = {
				BUNDLE_LOADER = "$(TEST_HOST)";
				CODE_SIGN_STYLE = Automatic;
				CURRENT_PROJECT_VERSION = 1;
				DEVELOPMENT_TEAM = 344B87D3CV;
				GENERATE_INFOPLIST_FILE = YES;
				IPHONEOS_DEPLOYMENT_TARGET = 18.2;
				MARKETING_VERSION = 1.0;
				PRODUCT_BUNDLE_IDENTIFIER = com.yerragroup.GoalAssistTests;
				PRODUCT_NAME = "$(TARGET_NAME)";
				SWIFT_EMIT_LOC_STRINGS = NO;
				SWIFT_VERSION = 5.0;
				TARGETED_DEVICE_FAMILY = "1,2";
				TEST_HOST = "$(BUILT_PRODUCTS_DIR)/GoalAssist.app/$(BUNDLE_EXECUTABLE_FOLDER_PATH)/GoalAssist";
			};
			name = Release;
		};
		7CCBDEE42D79953900C96A39 /* Debug */ = {
			isa = XCBuildConfiguration;
			buildSettings = {
				CODE_SIGN_STYLE = Automatic;
				CURRENT_PROJECT_VERSION = 1;
				DEVELOPMENT_TEAM = 344B87D3CV;
				GENERATE_INFOPLIST_FILE = YES;
				MARKETING_VERSION = 1.0;
				PRODUCT_BUNDLE_IDENTIFIER = com.yerragroup.GoalAssistUITests;
				PRODUCT_NAME = "$(TARGET_NAME)";
				SWIFT_EMIT_LOC_STRINGS = NO;
				SWIFT_VERSION = 5.0;
				TARGETED_DEVICE_FAMILY = "1,2";
				TEST_TARGET_NAME = GoalAssist;
			};
			name = Debug;
		};
		7CCBDEE52D79953900C96A39 /* Release */ = {
			isa = XCBuildConfiguration;
			buildSettings = {
				CODE_SIGN_STYLE = Automatic;
				CURRENT_PROJECT_VERSION = 1;
				DEVELOPMENT_TEAM = 344B87D3CV;
				GENERATE_INFOPLIST_FILE = YES;
				MARKETING_VERSION = 1.0;
				PRODUCT_BUNDLE_IDENTIFIER = com.yerragroup.GoalAssistUITests;
				PRODUCT_NAME = "$(TARGET_NAME)";
				SWIFT_EMIT_LOC_STRINGS = NO;
				SWIFT_VERSION = 5.0;
				TARGETED_DEVICE_FAMILY = "1,2";
				TEST_TARGET_NAME = GoalAssist;
			};
			name = Release;
		};
/* End XCBuildConfiguration section */

/* Begin XCConfigurationList section */
		7CCBDEAA2D79953700C96A39 /* Build configuration list for PBXProject "GoalAssist" */ = {
			isa = XCConfigurationList;
			buildConfigurations = (
				7CCBDEDE2D79953900C96A39 /* Debug */,
				7CCBDEDF2D79953900C96A39 /* Release */,
			);
			defaultConfigurationIsVisible = 0;
			defaultConfigurationName = Release;
		};
		7CCBDEDB2D79953900C96A39 /* Build configuration list for PBXNativeTarget "GoalAssist" */ = {
			isa = XCConfigurationList;
			buildConfigurations = (
				7CCBDEDC2D79953900C96A39 /* Debug */,
				7CCBDEDD2D79953900C96A39 /* Release */,
			);
			defaultConfigurationIsVisible = 0;
			defaultConfigurationName = Release;
		};
		7CCBDEE02D79953900C96A39 /* Build configuration list for PBXNativeTarget "GoalAssistTests" */ = {
			isa = XCConfigurationList;
			buildConfigurations = (
				7CCBDEE12D79953900C96A39 /* Debug */,
				7CCBDEE22D79953900C96A39 /* Release */,
			);
			defaultConfigurationIsVisible = 0;
			defaultConfigurationName = Release;
		};
		7CCBDEE32D79953900C96A39 /* Build configuration list for PBXNativeTarget "GoalAssistUITests" */ = {
			isa = XCConfigurationList;
			buildConfigurations = (
				7CCBDEE42D79953900C96A39 /* Debug */,
				7CCBDEE52D79953900C96A39 /* Release */,
			);
			defaultConfigurationIsVisible = 0;
			defaultConfigurationName = Release;
		};
/* End XCConfigurationList section */
	};
	rootObject = 7CCBDEA72D79953700C96A39 /* Project object */;
}
